
Microsoft Visual Studio Solution File, Format Version 12.00
# Visual Studio Version 17
VisualStudioVersion = 17.9.34622.214
MinimumVisualStudioVersion = 10.0.40219.1
Project("{FAE04EC0-301F-11D3-BF4B-00C04F79EFBC}") = "RecterCS", "RecterCS.csproj", "{30FB5671-24A2-4449-BE33-9820C7B397F9}"
EndProject
Global
	GlobalSection(SolutionConfigurationPlatforms) = preSolution
		Debug|Any CPU = Debug|Any CPU
		Release|Any CPU = Release|Any CPU
	EndGlobalSection
	GlobalSection(ProjectConfigurationPlatforms) = postSolution
		{30FB5671-24A2-4449-BE33-9820C7B397F9}.Debug|Any CPU.ActiveCfg = Debug|Any CPU
		{30FB5671-24A2-4449-BE33-9820C7B397F9}.Debug|Any CPU.Build.0 = Debug|Any CPU
		{30FB5671-24A2-4449-BE33-9820C7B397F9}.Release|Any CPU.ActiveCfg = Release|Any CPU
		{30FB5671-24A2-4449-BE33-9820C7B397F9}.Release|Any CPU.Build.0 = Release|Any CPU
	EndGlobalSection
	GlobalSection(SolutionProperties) = preSolution
		HideSolutionNode = FALSE
	EndGlobalSection
	GlobalSection(ExtensibilityGlobals) = postSolution
		SolutionGuid = {6578091D-A79F-49E8-A708-CA5AEF221BBE}
	EndGlobalSection
EndGlobal
